# This file was autogenerated by Stack.
# You should not edit this file by hand.
# For more information, please see the documentation at:
#   https://docs.haskellstack.org/en/stable/lock_files

packages:
- completed:
    hackage: reflex-0.6.4@sha256:faa63a6f6aefda8acc154de324ee135bccd0cd62f8fdf840ac11feae10e6191c,11190
    pantry-tree:
      size: 4461
      sha256: 6b5da914688044a387ea2cf43ffcbb177928e94e905e3421dfe7ca8b4cb2985b
  original:
    hackage: reflex-0.6.4@sha256:faa63a6f6aefda8acc154de324ee135bccd0cd62f8fdf840ac11feae10e6191c,11190
- completed:
    hackage: GLFW-b-3.3.0.0@sha256:73ce15e4b82a3a9aea5ab38ae823f5313777eea5a9c3b29caf262f3495c5a1f2,2427
    pantry-tree:
      size: 482
      sha256: 1f4ccbfb930578e4d60768d21b58eab393ce9b5f4da2c2e41285fcb22c06ee28
  original:
    hackage: GLFW-b-3.3.0.0
- completed:
    hackage: bindings-GLFW-3.3.1.0@sha256:fea037a35637991fb85f86108937ed574eaa0eaaf47545b5cb2344cbe16c9492,6301
    pantry-tree:
      size: 4543
      sha256: 59eccd85fe64784d4782481aa3c6062e64288785a75216015ed8b71fda2433aa
  original:
    hackage: bindings-GLFW-3.3.1.0@sha256:fea037a35637991fb85f86108937ed574eaa0eaaf47545b5cb2344cbe16c9492,6301
- completed:
    hackage: constraints-extras-0.3.0.2@sha256:bf6884be65958e9188ae3c9e5547abfd6d201df021bff8a4704c2c4fe1e1ae5b,1784
    pantry-tree:
      size: 594
      sha256: b0bcc96d375ee11b1972a2e9e8e42039b3f420b0e1c46e9c70652470445a6505
  original:
    hackage: constraints-extras-0.3.0.2@sha256:bf6884be65958e9188ae3c9e5547abfd6d201df021bff8a4704c2c4fe1e1ae5b,1784
- completed:
    hackage: patch-0.0.2.0@sha256:41f8ab2b2fa89226d39a02c9384b67341ba4a820732871c6487839d375bd14d8,2212
    pantry-tree:
      size: 824
      sha256: 400f6ff93aae5ce6b23f08eb7ae7881a3fda5bfa2b10f49698f467ae2b8884c0
  original:
    hackage: patch-0.0.2.0@sha256:41f8ab2b2fa89226d39a02c9384b67341ba4a820732871c6487839d375bd14d8,2212
- completed:
    hackage: ref-tf-0.4.0.2@sha256:69de3550250e0cd69f45d080359cb314a9487c915024349c75b78732bbee9332,1134
    pantry-tree:
      size: 211
      sha256: fc5a4a35b4c782a33f452c1dc66ffa8ddbf321e2db369bd8823c796f0d4d8c7f
  original:
    hackage: ref-tf-0.4.0.2@sha256:69de3550250e0cd69f45d080359cb314a9487c915024349c75b78732bbee9332,1134
- completed:
    hackage: witherable-0.3.1@sha256:ed3d5bc9eb1c08fa9704d9e143cdf622e1bd80b847cd5ede8c07da7bc7981ab9,1313
    pantry-tree:
      size: 271
      sha256: 7077f6c0e9e973af2c7f4429bcc3af6d345c19554c1335733faccec35d4c1708
  original:
    hackage: witherable-0.3.1@sha256:ed3d5bc9eb1c08fa9704d9e143cdf622e1bd80b847cd5ede8c07da7bc7981ab9,1313
- completed:
    hackage: dependent-sum-0.6.2.0@sha256:bff37c85b38e768b942f9d81c2465b63a96076f1ba006e35612aa357770807b6,1856
    pantry-tree:
      size: 474
      sha256: ad3fbed5104f9ee9c8082c9dcc8ade847674e3053572533e8d26ad1a866f1107
  original:
    hackage: dependent-sum-0.6.2.0
- completed:
    hackage: dependent-map-0.3@sha256:dc745864d5116bbd59ad29100faec74c79e681d35808547023619544c0e9f9b7,1574
    pantry-tree:
      size: 551
      sha256: 33ba69f91b54e7d64953b236d1de4ac31477b5b164f2990bfce308914006eac3
  original:
    hackage: dependent-map-0.3
- completed:
    hackage: monoidal-containers-0.6.0.1@sha256:7d776942659eb4d70d8b8da5d734396374a6eda8b4622df9e61e26b24e9c8e40,2501
    pantry-tree:
      size: 569
      sha256: c354e916cb3aa9a0728a60f08440dc589a9e6d8275f047dbe9ab73f168247561
  original:
    hackage: monoidal-containers-0.6.0.1@sha256:7d776942659eb4d70d8b8da5d734396374a6eda8b4622df9e61e26b24e9c8e40,2501
- completed:
    hackage: reflex-basic-host-0.2.0.1@sha256:31f6f8d88126d02250b908cc0f3673db82c0ba6162bc9ad8adceadaab4c4b122,2864
    pantry-tree:
      size: 455
      sha256: 8e7200df5d492f884dd78d04bbe21dc1a7d7374f13a82d7e0abe9bf07b8529c6
  original:
    hackage: reflex-basic-host-0.2.0.1@sha256:31f6f8d88126d02250b908cc0f3673db82c0ba6162bc9ad8adceadaab4c4b122,2864
snapshots:
- completed:
    size: 524164
    url: https://raw.githubusercontent.com/commercialhaskell/stackage-snapshots/master/lts/14/22.yaml
    sha256: 7ad8f33179b32d204165a3a662c6269464a47a7e65a30abc38d01b5a38ec42c0
  original: lts-14.22
