# This file was autogenerated by Stack.
# You should not edit this file by hand.
# For more information, please see the documentation at:
#   https://docs.haskellstack.org/en/stable/lock_files

packages:
- completed:
    hackage: reflex-0.9.0.0@sha256:ce464d07645ee5c3f586e6271f46cf94937024ff102dabb4a239828680f481de,12161
    pantry-tree:
      sha256: d2d4c2b67d19b796876279ef26fcb4d854d44a6b136b62ca3fcc0adc58bff0dc
      size: 4664
  original:
    hackage: reflex-0.9.0.0
- completed:
    hackage: GLFW-b-3.3.0.0@sha256:73ce15e4b82a3a9aea5ab38ae823f5313777eea5a9c3b29caf262f3495c5a1f2,2427
    pantry-tree:
      sha256: 1f4ccbfb930578e4d60768d21b58eab393ce9b5f4da2c2e41285fcb22c06ee28
      size: 482
  original:
    hackage: GLFW-b-3.3.0.0
- completed:
    hackage: bindings-GLFW-3.3.2.0@sha256:e286d28248619f968c3f5ccd3fc3578c7ff4cc0372ca54635f3adce9b1d09b3a,6301
    pantry-tree:
      sha256: ea185a420f9a836199231ed437739b3a04655247ea7f08f2626cf9a3d8fa828c
      size: 4543
  original:
    hackage: bindings-GLFW-3.3.2.0@sha256:e286d28248619f968c3f5ccd3fc3578c7ff4cc0372ca54635f3adce9b1d09b3a,6301
- completed:
    hackage: patch-0.0.8.1@sha256:dfdd896627c489da4d35b85a3250466b69e324752774cc34324957bdeffc43aa,3251
    pantry-tree:
      sha256: 68bc512841bc21a937a749dbd13992f3b0c2f7b11506d153aeae467855f6ae92
      size: 1179
  original:
    hackage: patch-0.0.8.1
- completed:
    hackage: ref-tf-0.4.0.2@sha256:69de3550250e0cd69f45d080359cb314a9487c915024349c75b78732bbee9332,1134
    pantry-tree:
      sha256: fc5a4a35b4c782a33f452c1dc66ffa8ddbf321e2db369bd8823c796f0d4d8c7f
      size: 211
  original:
    hackage: ref-tf-0.4.0.2@sha256:69de3550250e0cd69f45d080359cb314a9487c915024349c75b78732bbee9332,1134
- completed:
    hackage: dependent-sum-0.6.2.0@sha256:bff37c85b38e768b942f9d81c2465b63a96076f1ba006e35612aa357770807b6,1856
    pantry-tree:
      sha256: ad3fbed5104f9ee9c8082c9dcc8ade847674e3053572533e8d26ad1a866f1107
      size: 474
  original:
    hackage: dependent-sum-0.6.2.0
- completed:
    hackage: dependent-map-0.3@sha256:dc745864d5116bbd59ad29100faec74c79e681d35808547023619544c0e9f9b7,1574
    pantry-tree:
      sha256: 33ba69f91b54e7d64953b236d1de4ac31477b5b164f2990bfce308914006eac3
      size: 551
  original:
    hackage: dependent-map-0.3
- completed:
    hackage: prim-uniq-0.2@sha256:7bfd8a729812bf212610b63459b76a086ecd5ce48f48d785c288e082d055d47b,1403
    pantry-tree:
      sha256: aa27fb2f22141bd9bb474091f811badd9c71c52a1504fb81834aeb28cecff626
      size: 464
  original:
    hackage: prim-uniq-0.2
snapshots:
- completed:
    sha256: 73801df3fb96599f5009f9c83a04645892788df6eef50f956fe21bf169b8d8a4
    size: 574465
    url: https://raw.githubusercontent.com/commercialhaskell/stackage-snapshots/master/nightly/2023/1/8.yaml
  original: nightly-2023-01-08
